
Microsoft Visual Studio Solution File, Format Version 12.00
# RemObjects Fire
Project("{656346d9-4656-40da-a068-22d5425d4639}") = "HeaderImporter", "..\Elements\Source\HeaderImporter\HeaderImporter.elements", "{edd5844b-07ea-4d7c-86a7-24d2c6270b85}"
EndProject
Project("{656346d9-4656-40da-a068-22d5425d4639}") = "HI2", "HI2.elements", "{ffb61b34-176b-4f77-b847-53a0d9905cc9}"
	ProjectSection(ProjectDependencies) = postProject
		{edd5844b-07ea-4d7c-86a7-24d2c6270b85} = {edd5844b-07ea-4d7c-86a7-24d2c6270b85}
	EndProjectSection
EndProject
Project("{656346d9-4656-40da-a068-22d5425d4639}") = "RemObjects.Elements", "..\Elements\Source\RemObjects.Elements\RemObjects.Elements.elements", "{148ff081-0eb5-49ba-8cff-063215a02425}"
EndProject
Global
	GlobalSection(SolutionConfigurationPlatforms) = preSolution
		Debug|AnyCPU = Debug|AnyCPU
		Debug-Profile|AnyCPU = Debug-Profile|AnyCPU
		Release|AnyCPU = Release|AnyCPU
	EndGlobalSection
	GlobalSection(ProjectConfigurationPlatforms) = postSolution
		{edd5844b-07ea-4d7c-86a7-24d2c6270b85}.Debug|AnyCPU.ActiveCfg = Debug|AnyCPU
		{edd5844b-07ea-4d7c-86a7-24d2c6270b85}.Debug|AnyCPU.Build.0 = Debug|AnyCPU
		{edd5844b-07ea-4d7c-86a7-24d2c6270b85}.Debug-Profile|AnyCPU.ActiveCfg = Debug-Profile|AnyCPU
		{edd5844b-07ea-4d7c-86a7-24d2c6270b85}.Debug-Profile|AnyCPU.Build.0 = Debug-Profile|AnyCPU
		{edd5844b-07ea-4d7c-86a7-24d2c6270b85}.Release|AnyCPU.ActiveCfg = Release|AnyCPU
		{edd5844b-07ea-4d7c-86a7-24d2c6270b85}.Release|AnyCPU.Build.0 = Release|AnyCPU
		{ffb61b34-176b-4f77-b847-53a0d9905cc9}.Debug|AnyCPU.ActiveCfg = Debug|AnyCPU
		{ffb61b34-176b-4f77-b847-53a0d9905cc9}.Debug|AnyCPU.Build.0 = Debug|AnyCPU
		{ffb61b34-176b-4f77-b847-53a0d9905cc9}.Debug-Profile|AnyCPU.ActiveCfg = Debug-Profile|AnyCPU
		{ffb61b34-176b-4f77-b847-53a0d9905cc9}.Debug-Profile|AnyCPU.Build.0 = Debug-Profile|AnyCPU
		{ffb61b34-176b-4f77-b847-53a0d9905cc9}.Release|AnyCPU.ActiveCfg = Release|AnyCPU
		{ffb61b34-176b-4f77-b847-53a0d9905cc9}.Release|AnyCPU.Build.0 = Release|AnyCPU
		{148ff081-0eb5-49ba-8cff-063215a02425}.Debug|AnyCPU.ActiveCfg = Debug|AnyCPU
		{148ff081-0eb5-49ba-8cff-063215a02425}.Debug|AnyCPU.Build.0 = Debug|AnyCPU
		{148ff081-0eb5-49ba-8cff-063215a02425}.Debug-Profile|AnyCPU.ActiveCfg = Debug-Profile|AnyCPU
		{148ff081-0eb5-49ba-8cff-063215a02425}.Debug-Profile|AnyCPU.Build.0 = Debug-Profile|AnyCPU
		{148ff081-0eb5-49ba-8cff-063215a02425}.Release|AnyCPU.ActiveCfg = Release|AnyCPU
		{148ff081-0eb5-49ba-8cff-063215a02425}.Release|AnyCPU.Build.0 = Release|AnyCPU
	EndGlobalSection
	GlobalSection(SolutionProperties) = preSolution
		HideSolutionNode = FALSE
	EndGlobalSection
EndGlobal